
Microsoft Visual Studio Solution File, Format Version 12.00
# Visual Studio Version 17
VisualStudioVersion = 17.6.33815.320
MinimumVisualStudioVersion = 10.0.40219.1
Project("{FAE04EC0-301F-11D3-BF4B-00C04F79EFBC}") = "rkapm", "rkapm\rkapm.csproj", "{BF7A7B34-508D-411F-93DB-B43F0BE410A0}"
EndProject
Global
	GlobalSection(SolutionConfigurationPlatforms) = preSolution
		Debug|Any CPU = Debug|Any CPU
		Release|Any CPU = Release|Any CPU
	EndGlobalSection
	GlobalSection(ProjectConfigurationPlatforms) = postSolution
		{BF7A7B34-508D-411F-93DB-B43F0BE410A0}.Debug|Any CPU.ActiveCfg = Debug|Any CPU
		{BF7A7B34-508D-411F-93DB-B43F0BE410A0}.Debug|Any CPU.Build.0 = Debug|Any CPU
		{BF7A7B34-508D-411F-93DB-B43F0BE410A0}.Release|Any CPU.ActiveCfg = Release|Any CPU
		{BF7A7B34-508D-411F-93DB-B43F0BE410A0}.Release|Any CPU.Build.0 = Release|Any CPU
	EndGlobalSection
	GlobalSection(SolutionProperties) = preSolution
		HideSolutionNode = FALSE
	EndGlobalSection
	GlobalSection(ExtensibilityGlobals) = postSolution
		SolutionGuid = {9AF62F30-1801-4040-A4A6-15C9F85923BC}
	EndGlobalSection
EndGlobal
